PODS:
  - YabbiAds (1.6.0)
  - YBIConsentManager (1.0.3)

DEPENDENCIES:
  - YabbiAds (= 1.6.0)
  - YBIConsentManager

SPEC REPOS:
  trunk:
    - YabbiAds
    - YBIConsentManager

SPEC CHECKSUMS:
  YabbiAds: c866f12b5a909df112f6382b356c15760654e429
  YBIConsentManager: 07702de29c8ae86906a34fa497083b792dc06100

PODFILE CHECKSUM: 75ac9971f33f14e42dd638a6b06870478f2f8040

COCOAPODS: 1.12.1
