// !$*UTF8*$!
{
	archiveVersion = 1;
	classes = {
	};
	objectVersion = 55;
	objects = {

/* Begin PBXBuildFile section */
		740643B928D24C540048BAD0 /* Env.plist in Resources */ = {isa = PBXBuildFile; fileRef = 740643B828D24C540048BAD0 /* Env.plist */; };
		7476692428639D750003B985 /* AppDelegate.swift in Sources */ = {isa = PBXBuildFile; fileRef = 7476692328639D750003B985 /* AppDelegate.swift */; };
		7476692828639D750003B985 /* ViewController.swift in Sources */ = {isa = PBXBuildFile; fileRef = 7476692728639D750003B985 /* ViewController.swift */; };
		7476692B28639D750003B985 /* Main.storyboard in Resources */ = {isa = PBXBuildFile; fileRef = 7476692928639D750003B985 /* Main.storyboard */; };
		7476692D28639D750003B985 /* Assets.xcassets in Resources */ = {isa = PBXBuildFile; fileRef = 7476692C28639D750003B985 /* Assets.xcassets */; };
		7476693028639D750003B985 /* LaunchScreen.storyboard in Resources */ = {isa = PBXBuildFile; fileRef = 7476692E28639D750003B985 /* LaunchScreen.storyboard */; };
		FA664764875CE9A5C29A19C4 /* Pods_Yabbi_iOS_Demo.framework in Frameworks */ = {isa = PBXBuildFile; fileRef = 40864303806B5D5AFEFD2F84 /* Pods_Yabbi_iOS_Demo.framework */; };
/* End PBXBuildFile section */

/* Begin PBXFileReference section */
		313B6FE4FFE101CFEEEDD10E /* Pods-Yabbi iOS Demo.debug.xcconfig */ = {isa = PBXFileReference; includeInIndex = 1; lastKnownFileType = text.xcconfig; name = "Pods-Yabbi iOS Demo.debug.xcconfig"; path = "Target Support Files/Pods-Yabbi iOS Demo/Pods-Yabbi iOS Demo.debug.xcconfig"; sourceTree = "<group>"; };
		40864303806B5D5AFEFD2F84 /* Pods_Yabbi_iOS_Demo.framework */ = {isa = PBXFileReference; explicitFileType = wrapper.framework; includeInIndex = 0; path = Pods_Yabbi_iOS_Demo.framework; sourceTree = BUILT_PRODUCTS_DIR; };
		740643B828D24C540048BAD0 /* Env.plist */ = {isa = PBXFileReference; lastKnownFileType = text.plist.xml; path = Env.plist; sourceTree = "<group>"; };
		7476692028639D750003B985 /* Yabbi iOS Demo.app */ = {isa = PBXFileReference; explicitFileType = wrapper.application; includeInIndex = 0; path = "Yabbi iOS Demo.app"; sourceTree = BUILT_PRODUCTS_DIR; };
		7476692328639D750003B985 /* AppDelegate.swift */ = {isa = PBXFileReference; lastKnownFileType = sourcecode.swift; path = AppDelegate.swift; sourceTree = "<group>"; };
		7476692728639D750003B985 /* ViewController.swift */ = {isa = PBXFileReference; lastKnownFileType = sourcecode.swift; path = ViewController.swift; sourceTree = "<group>"; };
		7476692A28639D750003B985 /* Base */ = {isa = PBXFileReference; lastKnownFileType = file.storyboard; name = Base; path = Base.lproj/Main.storyboard; sourceTree = "<group>"; };
		7476692C28639D750003B985 /* Assets.xcassets */ = {isa = PBXFileReference; lastKnownFileType = folder.assetcatalog; path = Assets.xcassets; sourceTree = "<group>"; };
		7476692F28639D750003B985 /* Base */ = {isa = PBXFileReference; lastKnownFileType = file.storyboard; name = Base; path = Base.lproj/LaunchScreen.storyboard; sourceTree = "<group>"; };
		7476693128639D750003B985 /* Info.plist */ = {isa = PBXFileReference; lastKnownFileType = text.plist.xml; path = Info.plist; sourceTree = "<group>"; };
		747669372863A40C0003B985 /* SwiftLocation.framework */ = {isa = PBXFileReference; explicitFileType = wrapper.framework; path = SwiftLocation.framework; sourceTree = BUILT_PRODUCTS_DIR; };
		86B3635C327B0C6775ECCC0E /* Pods-Yabbi iOS Demo.release.xcconfig */ = {isa = PBXFileReference; includeInIndex = 1; lastKnownFileType = text.xcconfig; name = "Pods-Yabbi iOS Demo.release.xcconfig"; path = "Target Support Files/Pods-Yabbi iOS Demo/Pods-Yabbi iOS Demo.release.xcconfig"; sourceTree = "<group>"; };
/* End PBXFileReference section */

/* Begin PBXFrameworksBuildPhase section */
		7476691D28639D750003B985 /* Frameworks */ = {
			isa = PBXFrameworksBuildPhase;
			buildActionMask = 2147483647;
			files = (
				FA664764875CE9A5C29A19C4 /* Pods_Yabbi_iOS_Demo.framework in Frameworks */,
			);
			runOnlyForDeploymentPostprocessing = 0;
		};
/* End PBXFrameworksBuildPhase section */

/* Begin PBXGroup section */
		7476691728639D750003B985 = {
			isa = PBXGroup;
			children = (
				7476692228639D750003B985 /* Yabbi iOS Demo */,
				7476692128639D750003B985 /* Products */,
				CF6E968165EBC06CF5F78585 /* Pods */,
				8F1A7274D7044BAA74CB39CD /* Frameworks */,
			);
			sourceTree = "<group>";
		};
		7476692128639D750003B985 /* Products */ = {
			isa = PBXGroup;
			children = (
				7476692028639D750003B985 /* Yabbi iOS Demo.app */,
			);
			name = Products;
			sourceTree = "<group>";
		};
		7476692228639D750003B985 /* Yabbi iOS Demo */ = {
			isa = PBXGroup;
			children = (
				7476692328639D750003B985 /* AppDelegate.swift */,
				7476692728639D750003B985 /* ViewController.swift */,
				7476692928639D750003B985 /* Main.storyboard */,
				7476692C28639D750003B985 /* Assets.xcassets */,
				7476692E28639D750003B985 /* LaunchScreen.storyboard */,
				740643B828D24C540048BAD0 /* Env.plist */,
				7476693128639D750003B985 /* Info.plist */,
			);
			path = "Yabbi iOS Demo";
			sourceTree = "<group>";
		};
		8F1A7274D7044BAA74CB39CD /* Frameworks */ = {
			isa = PBXGroup;
			children = (
				747669372863A40C0003B985 /* SwiftLocation.framework */,
				40864303806B5D5AFEFD2F84 /* Pods_Yabbi_iOS_Demo.framework */,
			);
			name = Frameworks;
			sourceTree = "<group>";
		};
		CF6E968165EBC06CF5F78585 /* Pods */ = {
			isa = PBXGroup;
			children = (
				313B6FE4FFE101CFEEEDD10E /* Pods-Yabbi iOS Demo.debug.xcconfig */,
				86B3635C327B0C6775ECCC0E /* Pods-Yabbi iOS Demo.release.xcconfig */,
			);
			path = Pods;
			sourceTree = "<group>";
		};
/* End PBXGroup section */

/* Begin PBXNativeTarget section */
		7476691F28639D750003B985 /* Yabbi iOS Demo */ = {
			isa = PBXNativeTarget;
			buildConfigurationList = 7476693428639D750003B985 /* Build configuration list for PBXNativeTarget "Yabbi iOS Demo" */;
			buildPhases = (
				85AD05253072C1686D491898 /* [CP] Check Pods Manifest.lock */,
				7476691C28639D750003B985 /* Sources */,
				7476691D28639D750003B985 /* Frameworks */,
				7476691E28639D750003B985 /* Resources */,
				AA0156EA8F925F6FC42DC972 /* [CP] Embed Pods Frameworks */,
			);
			buildRules = (
			);
			dependencies = (
			);
			name = "Yabbi iOS Demo";
			productName = "Yabbi iOS Demo";
			productReference = 7476692028639D750003B985 /* Yabbi iOS Demo.app */;
			productType = "com.apple.product-type.application";
		};
/* End PBXNativeTarget section */

/* Begin PBXProject section */
		7476691828639D750003B985 /* Project object */ = {
			isa = PBXProject;
			attributes = {
				BuildIndependentTargetsInParallel = 1;
				LastSwiftUpdateCheck = 1330;
				LastUpgradeCheck = 1330;
				TargetAttributes = {
					7476691F28639D750003B985 = {
						CreatedOnToolsVersion = 13.3.1;
					};
				};
			};
			buildConfigurationList = 7476691B28639D750003B985 /* Build configuration list for PBXProject "Yabbi iOS Demo" */;
			compatibilityVersion = "Xcode 13.0";
			developmentRegion = en;
			hasScannedForEncodings = 0;
			knownRegions = (
				en,
				Base,
			);
			mainGroup = 7476691728639D750003B985;
			productRefGroup = 7476692128639D750003B985 /* Products */;
			projectDirPath = "";
			projectRoot = "";
			targets = (
				7476691F28639D750003B985 /* Yabbi iOS Demo */,
			);
		};
/* End PBXProject section */

/* Begin PBXResourcesBuildPhase section */
		7476691E28639D750003B985 /* Resources */ = {
			isa = PBXResourcesBuildPhase;
			buildActionMask = 2147483647;
			files = (
				740643B928D24C540048BAD0 /* Env.plist in Resources */,
				7476693028639D750003B985 /* LaunchScreen.storyboard in Resources */,
				7476692D28639D750003B985 /* Assets.xcassets in Resources */,
				7476692B28639D750003B985 /* Main.storyboard in Resources */,
			);
			runOnlyForDeploymentPostprocessing = 0;
		};
/* End PBXResourcesBuildPhase section */

/* Begin PBXShellScriptBuildPhase section */
		85AD05253072C1686D491898 /* [CP] Check Pods Manifest.lock */ = {
			isa = PBXShellScriptBuildPhase;
			buildActionMask = 2147483647;
			files = (
			);
			inputFileListPaths = (
			);
			inputPaths = (
				"${PODS_PODFILE_DIR_PATH}/Podfile.lock",
				"${PODS_ROOT}/Manifest.lock",
			);
			name = "[CP] Check Pods Manifest.lock";
			outputFileListPaths = (
			);
			outputPaths = (
				"$(DERIVED_FILE_DIR)/Pods-Yabbi iOS Demo-checkManifestLockResult.txt",
			);
			runOnlyForDeploymentPostprocessing = 0;
			shellPath = /bin/sh;
			shellScript = "diff \"${PODS_PODFILE_DIR_PATH}/Podfile.lock\" \"${PODS_ROOT}/Manifest.lock\" > /dev/null\nif [ $? != 0 ] ; then\n    # print error to STDERR\n    echo \"error: The sandbox is not in sync with the Podfile.lock. Run 'pod install' or update your CocoaPods installation.\" >&2\n    exit 1\nfi\n# This output is used by Xcode 'outputs' to avoid re-running this script phase.\necho \"SUCCESS\" > \"${SCRIPT_OUTPUT_FILE_0}\"\n";
			showEnvVarsInLog = 0;
		};
		AA0156EA8F925F6FC42DC972 /* [CP] Embed Pods Frameworks */ = {
			isa = PBXShellScriptBuildPhase;
			buildActionMask = 2147483647;
			files = (
			);
			inputFileListPaths = (
				"${PODS_ROOT}/Target Support Files/Pods-Yabbi iOS Demo/Pods-Yabbi iOS Demo-frameworks-${CONFIGURATION}-input-files.xcfilelist",
			);
			name = "[CP] Embed Pods Frameworks";
			outputFileListPaths = (
				"${PODS_ROOT}/Target Support Files/Pods-Yabbi iOS Demo/Pods-Yabbi iOS Demo-frameworks-${CONFIGURATION}-output-files.xcfilelist",
			);
			runOnlyForDeploymentPostprocessing = 0;
			shellPath = /bin/sh;
			shellScript = "\"${PODS_ROOT}/Target Support Files/Pods-Yabbi iOS Demo/Pods-Yabbi iOS Demo-frameworks.sh\"\n";
			showEnvVarsInLog = 0;
		};
/* End PBXShellScriptBuildPhase section */

/* Begin PBXSourcesBuildPhase section */
		7476691C28639D750003B985 /* Sources */ = {
			isa = PBXSourcesBuildPhase;
			buildActionMask = 2147483647;
			files = (
				7476692828639D750003B985 /* ViewController.swift in Sources */,
				7476692428639D750003B985 /* AppDelegate.swift in Sources */,
			);
			runOnlyForDeploymentPostprocessing = 0;
		};
/* End PBXSourcesBuildPhase section */

/* Begin PBXVariantGroup section */
		7476692928639D750003B985 /* Main.storyboard */ = {
			isa = PBXVariantGroup;
			children = (
				7476692A28639D750003B985 /* Base */,
			);
			name = Main.storyboard;
			sourceTree = "<group>";
		};
		7476692E28639D750003B985 /* LaunchScreen.storyboard */ = {
			isa = PBXVariantGroup;
			children = (
				7476692F28639D750003B985 /* Base */,
			);
			name = LaunchScreen.storyboard;
			sourceTree = "<group>";
		};
/* End PBXVariantGroup section */

/* Begin XCBuildConfiguration section */
		7476693228639D750003B985 /* Debug */ = {
			isa = XCBuildConfiguration;
			buildSettings = {
				ALWAYS_SEARCH_USER_PATHS = NO;
				CLANG_ANALYZER_NONNULL = YES;
				CLANG_ANALYZER_NUMBER_OBJECT_CONVERSION = YES_AGGRESSIVE;
				CLANG_CXX_LANGUAGE_STANDARD = "gnu++17";
				CLANG_ENABLE_MODULES = YES;
				CLANG_ENABLE_OBJC_ARC = YES;
				CLANG_ENABLE_OBJC_WEAK = YES;
				CLANG_WARN_BLOCK_CAPTURE_AUTORELEASING = YES;
				CLANG_WARN_BOOL_CONVERSION = YES;
				CLANG_WARN_COMMA = YES;
				CLANG_WARN_CONSTANT_CONVERSION = YES;
				CLANG_WARN_DEPRECATED_OBJC_IMPLEMENTATIONS = YES;
				CLANG_WARN_DIRECT_OBJC_ISA_USAGE = YES_ERROR;
				CLANG_WARN_DOCUMENTATION_COMMENTS = YES;
				CLANG_WARN_EMPTY_BODY = YES;
				CLANG_WARN_ENUM_CONVERSION = YES;
				CLANG_WARN_INFINITE_RECURSION = YES;
				CLANG_WARN_INT_CONVERSION = YES;
				CLANG_WARN_NON_LITERAL_NULL_CONVERSION = YES;
				CLANG_WARN_OBJC_IMPLICIT_RETAIN_SELF = YES;
				CLANG_WARN_OBJC_LITERAL_CONVERSION = YES;
				CLANG_WARN_OBJC_ROOT_CLASS = YES_ERROR;
				CLANG_WARN_QUOTED_INCLUDE_IN_FRAMEWORK_HEADER = YES;
				CLANG_WARN_RANGE_LOOP_ANALYSIS = YES;
				CLANG_WARN_STRICT_PROTOTYPES = YES;
				CLANG_WARN_SUSPICIOUS_MOVE = YES;
				CLANG_WARN_UNGUARDED_AVAILABILITY = YES_AGGRESSIVE;
				CLANG_WARN_UNREACHABLE_CODE = YES;
				CLANG_WARN__DUPLICATE_METHOD_MATCH = YES;
				COPY_PHASE_STRIP = NO;
				DEBUG_INFORMATION_FORMAT = dwarf;
				ENABLE_STRICT_OBJC_MSGSEND = YES;
				ENABLE_TESTABILITY = YES;
				GCC_C_LANGUAGE_STANDARD = gnu11;
				GCC_DYNAMIC_NO_PIC = NO;
				GCC_NO_COMMON_BLOCKS = YES;
				GCC_OPTIMIZATION_LEVEL = 0;
				GCC_PREPROCESSOR_DEFINITIONS = (
					"DEBUG=1",
					"$(inherited)",
				);
				GCC_WARN_64_TO_32_BIT_CONVERSION = YES;
				GCC_WARN_ABOUT_RETURN_TYPE = YES_ERROR;
				GCC_WARN_UNDECLARED_SELECTOR = YES;
				GCC_WARN_UNINITIALIZED_AUTOS = YES_AGGRESSIVE;
				GCC_WARN_UNUSED_FUNCTION = YES;
				GCC_WARN_UNUSED_VARIABLE = YES;
				IPHONEOS_DEPLOYMENT_TARGET = 12.0;
				MTL_ENABLE_DEBUG_INFO = INCLUDE_SOURCE;
				MTL_FAST_MATH = YES;
				ONLY_ACTIVE_ARCH = YES;
				SDKROOT = iphoneos;
				SWIFT_ACTIVE_COMPILATION_CONDITIONS = DEBUG;
				SWIFT_OPTIMIZATION_LEVEL = "-Onone";
			};
			name = Debug;
		};
		7476693328639D750003B985 /* Release */ = {
			isa = XCBuildConfiguration;
			buildSettings = {
				ALWAYS_SEARCH_USER_PATHS = NO;
				CLANG_ANALYZER_NONNULL = YES;
				CLANG_ANALYZER_NUMBER_OBJECT_CONVERSION = YES_AGGRESSIVE;
				CLANG_CXX_LANGUAGE_STANDARD = "gnu++17";
				CLANG_ENABLE_MODULES = YES;
				CLANG_ENABLE_OBJC_ARC = YES;
				CLANG_ENABLE_OBJC_WEAK = YES;
				CLANG_WARN_BLOCK_CAPTURE_AUTORELEASING = YES;
				CLANG_WARN_BOOL_CONVERSION = YES;
				CLANG_WARN_COMMA = YES;
				CLANG_WARN_CONSTANT_CONVERSION = YES;
				CLANG_WARN_DEPRECATED_OBJC_IMPLEMENTATIONS = YES;
				CLANG_WARN_DIRECT_OBJC_ISA_USAGE = YES_ERROR;
				CLANG_WARN_DOCUMENTATION_COMMENTS = YES;
				CLANG_WARN_EMPTY_BODY = YES;
				CLANG_WARN_ENUM_CONVERSION = YES;
				CLANG_WARN_INFINITE_RECURSION = YES;
				CLANG_WARN_INT_CONVERSION = YES;
				CLANG_WARN_NON_LITERAL_NULL_CONVERSION = YES;
				CLANG_WARN_OBJC_IMPLICIT_RETAIN_SELF = YES;
				CLANG_WARN_OBJC_LITERAL_CONVERSION = YES;
				CLANG_WARN_OBJC_ROOT_CLASS = YES_ERROR;
				CLANG_WARN_QUOTED_INCLUDE_IN_FRAMEWORK_HEADER = YES;
				CLANG_WARN_RANGE_LOOP_ANALYSIS = YES;
				CLANG_WARN_STRICT_PROTOTYPES = YES;
				CLANG_WARN_SUSPICIOUS_MOVE = YES;
				CLANG_WARN_UNGUARDED_AVAILABILITY = YES_AGGRESSIVE;
				CLANG_WARN_UNREACHABLE_CODE = YES;
				CLANG_WARN__DUPLICATE_METHOD_MATCH = YES;
				COPY_PHASE_STRIP = NO;
				DEBUG_INFORMATION_FORMAT = "dwarf-with-dsym";
				ENABLE_NS_ASSERTIONS = NO;
				ENABLE_STRICT_OBJC_MSGSEND = YES;
				GCC_C_LANGUAGE_STANDARD = gnu11;
				GCC_NO_COMMON_BLOCKS = YES;
				GCC_WARN_64_TO_32_BIT_CONVERSION = YES;
				GCC_WARN_ABOUT_RETURN_TYPE = YES_ERROR;
				GCC_WARN_UNDECLARED_SELECTOR = YES;
				GCC_WARN_UNINITIALIZED_AUTOS = YES_AGGRESSIVE;
				GCC_WARN_UNUSED_FUNCTION = YES;
				GCC_WARN_UNUSED_VARIABLE = YES;
				IPHONEOS_DEPLOYMENT_TARGET = 12.0;
				MTL_ENABLE_DEBUG_INFO = NO;
				MTL_FAST_MATH = YES;
				SDKROOT = iphoneos;
				SWIFT_COMPILATION_MODE = wholemodule;
				SWIFT_OPTIMIZATION_LEVEL = "-O";
				VALIDATE_PRODUCT = YES;
			};
			name = Release;
		};
		7476693528639D750003B985 /* Debug */ = {
			isa = XCBuildConfiguration;
			baseConfigurationReference = 313B6FE4FFE101CFEEEDD10E /* Pods-Yabbi iOS Demo.debug.xcconfig */;
			buildSettings = {
				ASSETCATALOG_COMPILER_APPICON_NAME = AppIcon;
				ASSETCATALOG_COMPILER_GLOBAL_ACCENT_COLOR_NAME = AccentColor;
				CODE_SIGN_IDENTITY = "Apple Development";
				CODE_SIGN_STYLE = Automatic;
				CURRENT_PROJECT_VERSION = 29;
				DEVELOPMENT_TEAM = CAA9292QHH;
				GENERATE_INFOPLIST_FILE = YES;
				INFOPLIST_FILE = "Yabbi iOS Demo/Info.plist";
				INFOPLIST_KEY_CFBundleDisplayName = "iOS Demo";
				INFOPLIST_KEY_NSLocationAlwaysAndWhenInUseUsageDescription = "App needs your location for analytics and advertising purposes.";
				INFOPLIST_KEY_NSLocationWhenInUseUsageDescription = "App needs your location for analytics and advertising purposes.";
				INFOPLIST_KEY_NSUserTrackingUsageDescription = "App needs your advertising identifier to provide personalised advertising experience tailored to you.";
				INFOPLIST_KEY_UIApplicationSupportsIndirectInputEvents = YES;
				INFOPLIST_KEY_UILaunchStoryboardName = LaunchScreen;
				INFOPLIST_KEY_UIMainStoryboardFile = Main;
				INFOPLIST_KEY_UISupportedInterfaceOrientations = "UIInterfaceOrientationPortrait UIInterfaceOrientationPortraitUpsideDown UIInterfaceOrientationLandscapeLeft UIInterfaceOrientationLandscapeRight";
				INFOPLIST_KEY_UISupportedInterfaceOrientations_iPad = "UIInterfaceOrientationPortrait UIInterfaceOrientationPortraitUpsideDown UIInterfaceOrientationLandscapeLeft UIInterfaceOrientationLandscapeRight";
				INFOPLIST_KEY_UISupportedInterfaceOrientations_iPhone = "UIInterfaceOrientationPortrait UIInterfaceOrientationLandscapeLeft UIInterfaceOrientationLandscapeRight";
				IPHONEOS_DEPLOYMENT_TARGET = 12.0;
				LD_RUNPATH_SEARCH_PATHS = (
					"$(inherited)",
					"@executable_path/Frameworks",
				);
				MARKETING_VERSION = 1.0.0;
				PRODUCT_BUNDLE_IDENTIFIER = me.yabbi.ads.app;
				PRODUCT_NAME = "$(TARGET_NAME)";
				PROVISIONING_PROFILE_SPECIFIER = "";
				SUPPORTED_PLATFORMS = "iphoneos iphonesimulator";
				SUPPORTS_MACCATALYST = NO;
				SUPPORTS_MAC_DESIGNED_FOR_IPHONE_IPAD = NO;
				SWIFT_EMIT_LOC_STRINGS = YES;
				SWIFT_VERSION = 5.0;
				TARGETED_DEVICE_FAMILY = "1,2";
			};
			name = Debug;
		};
		7476693628639D750003B985 /* Release */ = {
			isa = XCBuildConfiguration;
			baseConfigurationReference = 86B3635C327B0C6775ECCC0E /* Pods-Yabbi iOS Demo.release.xcconfig */;
			buildSettings = {
				ASSETCATALOG_COMPILER_APPICON_NAME = AppIcon;
				ASSETCATALOG_COMPILER_GLOBAL_ACCENT_COLOR_NAME = AccentColor;
				CODE_SIGN_IDENTITY = "Apple Development";
				CODE_SIGN_STYLE = Automatic;
				CURRENT_PROJECT_VERSION = 29;
				DEVELOPMENT_TEAM = CAA9292QHH;
				GENERATE_INFOPLIST_FILE = YES;
				INFOPLIST_FILE = "Yabbi iOS Demo/Info.plist";
				INFOPLIST_KEY_CFBundleDisplayName = "iOS Demo";
				INFOPLIST_KEY_NSLocationAlwaysAndWhenInUseUsageDescription = "App needs your location for analytics and advertising purposes.";
				INFOPLIST_KEY_NSLocationWhenInUseUsageDescription = "App needs your location for analytics and advertising purposes.";
				INFOPLIST_KEY_NSUserTrackingUsageDescription = "App needs your advertising identifier to provide personalised advertising experience tailored to you.";
				INFOPLIST_KEY_UIApplicationSupportsIndirectInputEvents = YES;
				INFOPLIST_KEY_UILaunchStoryboardName = LaunchScreen;
				INFOPLIST_KEY_UIMainStoryboardFile = Main;
				INFOPLIST_KEY_UISupportedInterfaceOrientations = "UIInterfaceOrientationPortrait UIInterfaceOrientationPortraitUpsideDown UIInterfaceOrientationLandscapeLeft UIInterfaceOrientationLandscapeRight";
				INFOPLIST_KEY_UISupportedInterfaceOrientations_iPad = "UIInterfaceOrientationPortrait UIInterfaceOrientationPortraitUpsideDown UIInterfaceOrientationLandscapeLeft UIInterfaceOrientationLandscapeRight";
				INFOPLIST_KEY_UISupportedInterfaceOrientations_iPhone = "UIInterfaceOrientationPortrait UIInterfaceOrientationLandscapeLeft UIInterfaceOrientationLandscapeRight";
				IPHONEOS_DEPLOYMENT_TARGET = 12.0;
				LD_RUNPATH_SEARCH_PATHS = (
					"$(inherited)",
					"@executable_path/Frameworks",
				);
				MARKETING_VERSION = 1.0.0;
				PRODUCT_BUNDLE_IDENTIFIER = me.yabbi.ads.app;
				PRODUCT_NAME = "$(TARGET_NAME)";
				PROVISIONING_PROFILE_SPECIFIER = "";
				SUPPORTED_PLATFORMS = "iphoneos iphonesimulator";
				SUPPORTS_MACCATALYST = NO;
				SUPPORTS_MAC_DESIGNED_FOR_IPHONE_IPAD = NO;
				SWIFT_EMIT_LOC_STRINGS = YES;
				SWIFT_VERSION = 5.0;
				TARGETED_DEVICE_FAMILY = "1,2";
			};
			name = Release;
		};
/* End XCBuildConfiguration section */

/* Begin XCConfigurationList section */
		7476691B28639D750003B985 /* Build configuration list for PBXProject "Yabbi iOS Demo" */ = {
			isa = XCConfigurationList;
			buildConfigurations = (
				7476693228639D750003B985 /* Debug */,
				7476693328639D750003B985 /* Release */,
			);
			defaultConfigurationIsVisible = 0;
			defaultConfigurationName = Release;
		};
		7476693428639D750003B985 /* Build configuration list for PBXNativeTarget "Yabbi iOS Demo" */ = {
			isa = XCConfigurationList;
			buildConfigurations = (
				7476693528639D750003B985 /* Debug */,
				7476693628639D750003B985 /* Release */,
			);
			defaultConfigurationIsVisible = 0;
			defaultConfigurationName = Release;
		};
/* End XCConfigurationList section */
	};
	rootObject = 7476691828639D750003B985 /* Project object */;
}
